// !$*UTF8*$!
{
	archiveVersion = 1;
	classes = {
	};
	objectVersion = 50;
	objects = {

/* Begin PBXBuildFile section */
		09AAA4103BEF3A153BC979B6 /* Pods_flixsterTests.framework in Frameworks */ = {isa = PBXBuildFile; fileRef = D0A0084B8A89377DF6A6711A /* Pods_flixsterTests.framework */; };
		715A7A532AD79A0A7DA98D66 /* Pods_flixster.framework in Frameworks */ = {isa = PBXBuildFile; fileRef = 86A3C15636EAC04A5BB32971 /* Pods_flixster.framework */; };
		8D42BAF02223705200C5084D /* AppDelegate.swift in Sources */ = {isa = PBXBuildFile; fileRef = 8D42BAEF2223705200C5084D /* AppDelegate.swift */; };
		8D42BAF52223705200C5084D /* Main.storyboard in Resources */ = {isa = PBXBuildFile; fileRef = 8D42BAF32223705200C5084D /* Main.storyboard */; };
		8D42BAF72223705400C5084D /* Assets.xcassets in Resources */ = {isa = PBXBuildFile; fileRef = 8D42BAF62223705400C5084D /* Assets.xcassets */; };
		8D42BAFA2223705400C5084D /* LaunchScreen.storyboard in Resources */ = {isa = PBXBuildFile; fileRef = 8D42BAF82223705400C5084D /* LaunchScreen.storyboard */; };
		8D42BB052223705400C5084D /* flixsterTests.swift in Sources */ = {isa = PBXBuildFile; fileRef = 8D42BB042223705400C5084D /* flixsterTests.swift */; };
		8D42BB102223705400C5084D /* flixsterUITests.swift in Sources */ = {isa = PBXBuildFile; fileRef = 8D42BB0F2223705400C5084D /* flixsterUITests.swift */; };
		8D42BB1E2223758E00C5084D /* MoviesViewController.swift in Sources */ = {isa = PBXBuildFile; fileRef = 8D42BB1D2223758E00C5084D /* MoviesViewController.swift */; };
		8D42BB202223898E00C5084D /* MovieCell.swift in Sources */ = {isa = PBXBuildFile; fileRef = 8D42BB1F2223898E00C5084D /* MovieCell.swift */; };
		8D75C8FE222B79340049DCFE /* MovieGridViewController.swift in Sources */ = {isa = PBXBuildFile; fileRef = 8D75C8FD222B79340049DCFE /* MovieGridViewController.swift */; };
		8D75C900222BB78E0049DCFE /* MovieGridCell.swift in Sources */ = {isa = PBXBuildFile; fileRef = 8D75C8FF222BB78E0049DCFE /* MovieGridCell.swift */; };
		8DB69E522224C1D200CFB8BA /* MovieDetailsViewController.swift in Sources */ = {isa = PBXBuildFile; fileRef = 8DB69E512224C1D200CFB8BA /* MovieDetailsViewController.swift */; };
		CE80FE4D6F2AB78418353452 /* Pods_flixsterUITests.framework in Frameworks */ = {isa = PBXBuildFile; fileRef = D519463D3C12EFFDE99D1243 /* Pods_flixsterUITests.framework */; };
/* End PBXBuildFile section */

/* Begin PBXContainerItemProxy section */
		8D42BB012223705400C5084D /* PBXContainerItemProxy */ = {
			isa = PBXContainerItemProxy;
			containerPortal = 8D42BAE42223705200C5084D /* Project object */;
			proxyType = 1;
			remoteGlobalIDString = 8D42BAEB2223705200C5084D;
			remoteInfo = flixster;
		};
		8D42BB0C2223705400C5084D /* PBXContainerItemProxy */ = {
			isa = PBXContainerItemProxy;
			containerPortal = 8D42BAE42223705200C5084D /* Project object */;
			proxyType = 1;
			remoteGlobalIDString = 8D42BAEB2223705200C5084D;
			remoteInfo = flixster;
		};
/* End PBXContainerItemProxy section */

/* Begin PBXFileReference section */
		2F41290AB35D5C33FB54F64C /* Pods-flixsterTests.release.xcconfig */ = {isa = PBXFileReference; includeInIndex = 1; lastKnownFileType = text.xcconfig; name = "Pods-flixsterTests.release.xcconfig"; path = "Target Support Files/Pods-flixsterTests/Pods-flixsterTests.release.xcconfig"; sourceTree = "<group>"; };
		84938640745E561D21C66D07 /* Pods-flixsterUITests.release.xcconfig */ = {isa = PBXFileReference; includeInIndex = 1; lastKnownFileType = text.xcconfig; name = "Pods-flixsterUITests.release.xcconfig"; path = "Target Support Files/Pods-flixsterUITests/Pods-flixsterUITests.release.xcconfig"; sourceTree = "<group>"; };
		86A3C15636EAC04A5BB32971 /* Pods_flixster.framework */ = {isa = PBXFileReference; explicitFileType = wrapper.framework; includeInIndex = 0; path = Pods_flixster.framework; sourceTree = BUILT_PRODUCTS_DIR; };
		8A6497DA40E6A8CF0DA82D68 /* Pods-flixster.debug.xcconfig */ = {isa = PBXFileReference; includeInIndex = 1; lastKnownFileType = text.xcconfig; name = "Pods-flixster.debug.xcconfig"; path = "Target Support Files/Pods-flixster/Pods-flixster.debug.xcconfig"; sourceTree = "<group>"; };
		8AE9F9EC95884A46455775F1 /* Pods-flixster.release.xcconfig */ = {isa = PBXFileReference; includeInIndex = 1; lastKnownFileType = text.xcconfig; name = "Pods-flixster.release.xcconfig"; path = "Target Support Files/Pods-flixster/Pods-flixster.release.xcconfig"; sourceTree = "<group>"; };
		8D42BAEC2223705200C5084D /* flixster.app */ = {isa = PBXFileReference; explicitFileType = wrapper.application; includeInIndex = 0; path = flixster.app; sourceTree = BUILT_PRODUCTS_DIR; };
		8D42BAEF2223705200C5084D /* AppDelegate.swift */ = {isa = PBXFileReference; lastKnownFileType = sourcecode.swift; path = AppDelegate.swift; sourceTree = "<group>"; };
		8D42BAF42223705200C5084D /* Base */ = {isa = PBXFileReference; lastKnownFileType = file.storyboard; name = Base; path = Base.lproj/Main.storyboard; sourceTree = "<group>"; };
		8D42BAF62223705400C5084D /* Assets.xcassets */ = {isa = PBXFileReference; lastKnownFileType = folder.assetcatalog; path = Assets.xcassets; sourceTree = "<group>"; };
		8D42BAF92223705400C5084D /* Base */ = {isa = PBXFileReference; lastKnownFileType = file.storyboard; name = Base; path = Base.lproj/LaunchScreen.storyboard; sourceTree = "<group>"; };
		8D42BAFB2223705400C5084D /* Info.plist */ = {isa = PBXFileReference; lastKnownFileType = text.plist.xml; path = Info.plist; sourceTree = "<group>"; };
		8D42BB002223705400C5084D /* flixsterTests.xctest */ = {isa = PBXFileReference; explicitFileType = wrapper.cfbundle; includeInIndex = 0; path = flixsterTests.xctest; sourceTree = BUILT_PRODUCTS_DIR; };
		8D42BB042223705400C5084D /* flixsterTests.swift */ = {isa = PBXFileReference; lastKnownFileType = sourcecode.swift; path = flixsterTests.swift; sourceTree = "<group>"; };
		8D42BB062223705400C5084D /* Info.plist */ = {isa = PBXFileReference; lastKnownFileType = text.plist.xml; path = Info.plist; sourceTree = "<group>"; };
		8D42BB0B2223705400C5084D /* flixsterUITests.xctest */ = {isa = PBXFileReference; explicitFileType = wrapper.cfbundle; includeInIndex = 0; path = flixsterUITests.xctest; sourceTree = BUILT_PRODUCTS_DIR; };
		8D42BB0F2223705400C5084D /* flixsterUITests.swift */ = {isa = PBXFileReference; lastKnownFileType = sourcecode.swift; path = flixsterUITests.swift; sourceTree = "<group>"; };
		8D42BB112223705400C5084D /* Info.plist */ = {isa = PBXFileReference; lastKnownFileType = text.plist.xml; path = Info.plist; sourceTree = "<group>"; };
		8D42BB1D2223758E00C5084D /* MoviesViewController.swift */ = {isa = PBXFileReference; lastKnownFileType = sourcecode.swift; path = MoviesViewController.swift; sourceTree = "<group>"; };
		8D42BB1F2223898E00C5084D /* MovieCell.swift */ = {isa = PBXFileReference; lastKnownFileType = sourcecode.swift; path = MovieCell.swift; sourceTree = "<group>"; };
		8D75C8FD222B79340049DCFE /* MovieGridViewController.swift */ = {isa = PBXFileReference; lastKnownFileType = sourcecode.swift; path = MovieGridViewController.swift; sourceTree = "<group>"; };
		8D75C8FF222BB78E0049DCFE /* MovieGridCell.swift */ = {isa = PBXFileReference; lastKnownFileType = sourcecode.swift; path = MovieGridCell.swift; sourceTree = "<group>"; };
		8DB69E512224C1D200CFB8BA /* MovieDetailsViewController.swift */ = {isa = PBXFileReference; lastKnownFileType = sourcecode.swift; path = MovieDetailsViewController.swift; sourceTree = "<group>"; };
		C62C1FE38A9F79FF7D4C4A4E /* Pods-flixsterUITests.debug.xcconfig */ = {isa = PBXFileReference; includeInIndex = 1; lastKnownFileType = text.xcconfig; name = "Pods-flixsterUITests.debug.xcconfig"; path = "Target Support Files/Pods-flixsterUITests/Pods-flixsterUITests.debug.xcconfig"; sourceTree = "<group>"; };
		D0A0084B8A89377DF6A6711A /* Pods_flixsterTests.framework */ = {isa = PBXFileReference; explicitFileType = wrapper.framework; includeInIndex = 0; path = Pods_flixsterTests.framework; sourceTree = BUILT_PRODUCTS_DIR; };
		D519463D3C12EFFDE99D1243 /* Pods_flixsterUITests.framework */ = {isa = PBXFileReference; explicitFileType = wrapper.framework; includeInIndex = 0; path = Pods_flixsterUITests.framework; sourceTree = BUILT_PRODUCTS_DIR; };
		E9B2BA0D642D624FF45D0D31 /* Pods-flixsterTests.debug.xcconfig */ = {isa = PBXFileReference; includeInIndex = 1; lastKnownFileType = text.xcconfig; name = "Pods-flixsterTests.debug.xcconfig"; path = "Target Support Files/Pods-flixsterTests/Pods-flixsterTests.debug.xcconfig"; sourceTree = "<group>"; };
/* End PBXFileReference section */

/* Begin PBXFrameworksBuildPhase section */
		8D42BAE92223705200C5084D /* Frameworks */ = {
			isa = PBXFrameworksBuildPhase;
			buildActionMask = 2147483647;
			files = (
				715A7A532AD79A0A7DA98D66 /* Pods_flixster.framework in Frameworks */,
			);
			runOnlyForDeploymentPostprocessing = 0;
		};
		8D42BAFD2223705400C5084D /* Frameworks */ = {
			isa = PBXFrameworksBuildPhase;
			buildActionMask = 2147483647;
			files = (
				09AAA4103BEF3A153BC979B6 /* Pods_flixsterTests.framework in Frameworks */,
			);
			runOnlyForDeploymentPostprocessing = 0;
		};
		8D42BB082223705400C5084D /* Frameworks */ = {
			isa = PBXFrameworksBuildPhase;
			buildActionMask = 2147483647;
			files = (
				CE80FE4D6F2AB78418353452 /* Pods_flixsterUITests.framework in Frameworks */,
			);
			runOnlyForDeploymentPostprocessing = 0;
		};
/* End PBXFrameworksBuildPhase section */

/* Begin PBXGroup section */
		631A9838D13883B88106E9A8 /* Frameworks */ = {
			isa = PBXGroup;
			children = (
				86A3C15636EAC04A5BB32971 /* Pods_flixster.framework */,
				D0A0084B8A89377DF6A6711A /* Pods_flixsterTests.framework */,
				D519463D3C12EFFDE99D1243 /* Pods_flixsterUITests.framework */,
			);
			name = Frameworks;
			sourceTree = "<group>";
		};
		81844FB000F6585F89FA32DA /* Pods */ = {
			isa = PBXGroup;
			children = (
				8A6497DA40E6A8CF0DA82D68 /* Pods-flixster.debug.xcconfig */,
				8AE9F9EC95884A46455775F1 /* Pods-flixster.release.xcconfig */,
				E9B2BA0D642D624FF45D0D31 /* Pods-flixsterTests.debug.xcconfig */,
				2F41290AB35D5C33FB54F64C /* Pods-flixsterTests.release.xcconfig */,
				C62C1FE38A9F79FF7D4C4A4E /* Pods-flixsterUITests.debug.xcconfig */,
				84938640745E561D21C66D07 /* Pods-flixsterUITests.release.xcconfig */,
			);
			path = Pods;
			sourceTree = "<group>";
		};
		8D42BAE32223705200C5084D = {
			isa = PBXGroup;
			children = (
				8D42BAEE2223705200C5084D /* flixster */,
				8D42BB032223705400C5084D /* flixsterTests */,
				8D42BB0E2223705400C5084D /* flixsterUITests */,
				8D42BAED2223705200C5084D /* Products */,
				81844FB000F6585F89FA32DA /* Pods */,
				631A9838D13883B88106E9A8 /* Frameworks */,
			);
			sourceTree = "<group>";
		};
		8D42BAED2223705200C5084D /* Products */ = {
			isa = PBXGroup;
			children = (
				8D42BAEC2223705200C5084D /* flixster.app */,
				8D42BB002223705400C5084D /* flixsterTests.xctest */,
				8D42BB0B2223705400C5084D /* flixsterUITests.xctest */,
			);
			name = Products;
			sourceTree = "<group>";
		};
		8D42BAEE2223705200C5084D /* flixster */ = {
			isa = PBXGroup;
			children = (
				8D42BAEF2223705200C5084D /* AppDelegate.swift */,
				8D42BB1D2223758E00C5084D /* MoviesViewController.swift */,
				8D42BAF32223705200C5084D /* Main.storyboard */,
				8D42BAF62223705400C5084D /* Assets.xcassets */,
				8D42BAF82223705400C5084D /* LaunchScreen.storyboard */,
				8D42BAFB2223705400C5084D /* Info.plist */,
				8D42BB1F2223898E00C5084D /* MovieCell.swift */,
				8DB69E512224C1D200CFB8BA /* MovieDetailsViewController.swift */,
				8D75C8FD222B79340049DCFE /* MovieGridViewController.swift */,
				8D75C8FF222BB78E0049DCFE /* MovieGridCell.swift */,
			);
			path = flixster;
			sourceTree = "<group>";
		};
		8D42BB032223705400C5084D /* flixsterTests */ = {
			isa = PBXGroup;
			children = (
				8D42BB042223705400C5084D /* flixsterTests.swift */,
				8D42BB062223705400C5084D /* Info.plist */,
			);
			path = flixsterTests;
			sourceTree = "<group>";
		};
		8D42BB0E2223705400C5084D /* flixsterUITests */ = {
			isa = PBXGroup;
			children = (
				8D42BB0F2223705400C5084D /* flixsterUITests.swift */,
				8D42BB112223705400C5084D /* Info.plist */,
			);
			path = flixsterUITests;
			sourceTree = "<group>";
		};
/* End PBXGroup section */

/* Begin PBXNativeTarget section */
		8D42BAEB2223705200C5084D /* flixster */ = {
			isa = PBXNativeTarget;
			buildConfigurationList = 8D42BB142223705400C5084D /* Build configuration list for PBXNativeTarget "flixster" */;
			buildPhases = (
				3D5D6C98F9F12F3C51FA94FD /* [CP] Check Pods Manifest.lock */,
				8D42BAE82223705200C5084D /* Sources */,
				8D42BAE92223705200C5084D /* Frameworks */,
				8D42BAEA2223705200C5084D /* Resources */,
				E61848831EF7115A19371123 /* [CP] Embed Pods Frameworks */,
			);
			buildRules = (
			);
			dependencies = (
			);
			name = flixster;
			productName = flixster;
			productReference = 8D42BAEC2223705200C5084D /* flixster.app */;
			productType = "com.apple.product-type.application";
		};
		8D42BAFF2223705400C5084D /* flixsterTests */ = {
			isa = PBXNativeTarget;
			buildConfigurationList = 8D42BB172223705400C5084D /* Build configuration list for PBXNativeTarget "flixsterTests" */;
			buildPhases = (
				0F8B28809711401DD63DA729 /* [CP] Check Pods Manifest.lock */,
				8D42BAFC2223705400C5084D /* Sources */,
				8D42BAFD2223705400C5084D /* Frameworks */,
				8D42BAFE2223705400C5084D /* Resources */,
			);
			buildRules = (
			);
			dependencies = (
				8D42BB022223705400C5084D /* PBXTargetDependency */,
			);
			name = flixsterTests;
			productName = flixsterTests;
			productReference = 8D42BB002223705400C5084D /* flixsterTests.xctest */;
			productType = "com.apple.product-type.bundle.unit-test";
		};
		8D42BB0A2223705400C5084D /* flixsterUITests */ = {
			isa = PBXNativeTarget;
			buildConfigurationList = 8D42BB1A2223705400C5084D /* Build configuration list for PBXNativeTarget "flixsterUITests" */;
			buildPhases = (
				956C3BCD76C9C1568D210404 /* [CP] Check Pods Manifest.lock */,
				8D42BB072223705400C5084D /* Sources */,
				8D42BB082223705400C5084D /* Frameworks */,
				8D42BB092223705400C5084D /* Resources */,
			);
			buildRules = (
			);
			dependencies = (
				8D42BB0D2223705400C5084D /* PBXTargetDependency */,
			);
			name = flixsterUITests;
			productName = flixsterUITests;
			productReference = 8D42BB0B2223705400C5084D /* flixsterUITests.xctest */;
			productType = "com.apple.product-type.bundle.ui-testing";
		};
/* End PBXNativeTarget section */

/* Begin PBXProject section */
		8D42BAE42223705200C5084D /* Project object */ = {
			isa = PBXProject;
			attributes = {
				LastSwiftUpdateCheck = 1010;
				LastUpgradeCheck = 1010;
				ORGANIZATIONNAME = "Joseph Shimonov";
				TargetAttributes = {
					8D42BAEB2223705200C5084D = {
						CreatedOnToolsVersion = 10.1;
					};
					8D42BAFF2223705400C5084D = {
						CreatedOnToolsVersion = 10.1;
						TestTargetID = 8D42BAEB2223705200C5084D;
					};
					8D42BB0A2223705400C5084D = {
						CreatedOnToolsVersion = 10.1;
						TestTargetID = 8D42BAEB2223705200C5084D;
					};
				};
			};
			buildConfigurationList = 8D42BAE72223705200C5084D /* Build configuration list for PBXProject "flixster" */;
			compatibilityVersion = "Xcode 9.3";
			developmentRegion = en;
			hasScannedForEncodings = 0;
			knownRegions = (
				en,
				Base,
			);
			mainGroup = 8D42BAE32223705200C5084D;
			productRefGroup = 8D42BAED2223705200C5084D /* Products */;
			projectDirPath = "";
			projectRoot = "";
			targets = (
				8D42BAEB2223705200C5084D /* flixster */,
				8D42BAFF2223705400C5084D /* flixsterTests */,
				8D42BB0A2223705400C5084D /* flixsterUITests */,
			);
		};
/* End PBXProject section */

/* Begin PBXResourcesBuildPhase section */
		8D42BAEA2223705200C5084D /* Resources */ = {
			isa = PBXResourcesBuildPhase;
			buildActionMask = 2147483647;
			files = (
				8D42BAFA2223705400C5084D /* LaunchScreen.storyboard in Resources */,
				8D42BAF72223705400C5084D /* Assets.xcassets in Resources */,
				8D42BAF52223705200C5084D /* Main.storyboard in Resources */,
			);
			runOnlyForDeploymentPostprocessing = 0;
		};
		8D42BAFE2223705400C5084D /* Resources */ = {
			isa = PBXResourcesBuildPhase;
			buildActionMask = 2147483647;
			files = (
			);
			runOnlyForDeploymentPostprocessing = 0;
		};
		8D42BB092223705400C5084D /* Resources */ = {
			isa = PBXResourcesBuildPhase;
			buildActionMask = 2147483647;
			files = (
			);
			runOnlyForDeploymentPostprocessing = 0;
		};
/* End PBXResourcesBuildPhase section */

/* Begin PBXShellScriptBuildPhase section */
		0F8B28809711401DD63DA729 /* [CP] Check Pods Manifest.lock */ = {
			isa = PBXShellScriptBuildPhase;
			buildActionMask = 2147483647;
			files = (
			);
			inputFileListPaths = (
			);
			inputPaths = (
				"${PODS_PODFILE_DIR_PATH}/Podfile.lock",
				"${PODS_ROOT}/Manifest.lock",
			);
			name = "[CP] Check Pods Manifest.lock";
			outputFileListPaths = (
			);
			outputPaths = (
				"$(DERIVED_FILE_DIR)/Pods-flixsterTests-checkManifestLockResult.txt",
			);
			runOnlyForDeploymentPostprocessing = 0;
			shellPath = /bin/sh;
			shellScript = "diff \"${PODS_PODFILE_DIR_PATH}/Podfile.lock\" \"${PODS_ROOT}/Manifest.lock\" > /dev/null\nif [ $? != 0 ] ; then\n    # print error to STDERR\n    echo \"error: The sandbox is not in sync with the Podfile.lock. Run 'pod install' or update your CocoaPods installation.\" >&2\n    exit 1\nfi\n# This output is used by Xcode 'outputs' to avoid re-running this script phase.\necho \"SUCCESS\" > \"${SCRIPT_OUTPUT_FILE_0}\"\n";
			showEnvVarsInLog = 0;
		};
		3D5D6C98F9F12F3C51FA94FD /* [CP] Check Pods Manifest.lock */ = {
			isa = PBXShellScriptBuildPhase;
			buildActionMask = 2147483647;
			files = (
			);
			inputFileListPaths = (
			);
			inputPaths = (
				"${PODS_PODFILE_DIR_PATH}/Podfile.lock",
				"${PODS_ROOT}/Manifest.lock",
			);
			name = "[CP] Check Pods Manifest.lock";
			outputFileListPaths = (
			);
			outputPaths = (
				"$(DERIVED_FILE_DIR)/Pods-flixster-checkManifestLockResult.txt",
			);
			runOnlyForDeploymentPostprocessing = 0;
			shellPath = /bin/sh;
			shellScript = "diff \"${PODS_PODFILE_DIR_PATH}/Podfile.lock\" \"${PODS_ROOT}/Manifest.lock\" > /dev/null\nif [ $? != 0 ] ; then\n    # print error to STDERR\n    echo \"error: The sandbox is not in sync with the Podfile.lock. Run 'pod install' or update your CocoaPods installation.\" >&2\n    exit 1\nfi\n# This output is used by Xcode 'outputs' to avoid re-running this script phase.\necho \"SUCCESS\" > \"${SCRIPT_OUTPUT_FILE_0}\"\n";
			showEnvVarsInLog = 0;
		};
		956C3BCD76C9C1568D210404 /* [CP] Check Pods Manifest.lock */ = {
			isa = PBXShellScriptBuildPhase;
			buildActionMask = 2147483647;
			files = (
			);
			inputFileListPaths = (
			);
			inputPaths = (
				"${PODS_PODFILE_DIR_PATH}/Podfile.lock",
				"${PODS_ROOT}/Manifest.lock",
			);
			name = "[CP] Check Pods Manifest.lock";
			outputFileListPaths = (
			);
			outputPaths = (
				"$(DERIVED_FILE_DIR)/Pods-flixsterUITests-checkManifestLockResult.txt",
			);
			runOnlyForDeploymentPostprocessing = 0;
			shellPath = /bin/sh;
			shellScript = "diff \"${PODS_PODFILE_DIR_PATH}/Podfile.lock\" \"${PODS_ROOT}/Manifest.lock\" > /dev/null\nif [ $? != 0 ] ; then\n    # print error to STDERR\n    echo \"error: The sandbox is not in sync with the Podfile.lock. Run 'pod install' or update your CocoaPods installation.\" >&2\n    exit 1\nfi\n# This output is used by Xcode 'outputs' to avoid re-running this script phase.\necho \"SUCCESS\" > \"${SCRIPT_OUTPUT_FILE_0}\"\n";
			showEnvVarsInLog = 0;
		};
		E61848831EF7115A19371123 /* [CP] Embed Pods Frameworks */ = {
			isa = PBXShellScriptBuildPhase;
			buildActionMask = 2147483647;
			files = (
			);
			inputFileListPaths = (
			);
			inputPaths = (
				"${PODS_ROOT}/Target Support Files/Pods-flixster/Pods-flixster-frameworks.sh",
				"${BUILT_PRODUCTS_DIR}/Alamofire/Alamofire.framework",
				"${BUILT_PRODUCTS_DIR}/AlamofireImage/AlamofireImage.framework",
			);
			name = "[CP] Embed Pods Frameworks";
			outputFileListPaths = (
			);
			outputPaths = (
				"${TARGET_BUILD_DIR}/${FRAMEWORKS_FOLDER_PATH}/Alamofire.framework",
				"${TARGET_BUILD_DIR}/${FRAMEWORKS_FOLDER_PATH}/AlamofireImage.framework",
			);
			runOnlyForDeploymentPostprocessing = 0;
			shellPath = /bin/sh;
			shellScript = "\"${PODS_ROOT}/Target Support Files/Pods-flixster/Pods-flixster-frameworks.sh\"\n";
			showEnvVarsInLog = 0;
		};
/* End PBXShellScriptBuildPhase section */

/* Begin PBXSourcesBuildPhase section */
		8D42BAE82223705200C5084D /* Sources */ = {
			isa = PBXSourcesBuildPhase;
			buildActionMask = 2147483647;
			files = (
				8D75C8FE222B79340049DCFE /* MovieGridViewController.swift in Sources */,
				8DB69E522224C1D200CFB8BA /* MovieDetailsViewController.swift in Sources */,
				8D42BAF02223705200C5084D /* AppDelegate.swift in Sources */,
				8D42BB1E2223758E00C5084D /* MoviesViewController.swift in Sources */,
				8D75C900222BB78E0049DCFE /* MovieGridCell.swift in Sources */,
				8D42BB202223898E00C5084D /* MovieCell.swift in Sources */,
			);
			runOnlyForDeploymentPostprocessing = 0;
		};
		8D42BAFC2223705400C5084D /* Sources */ = {
			isa = PBXSourcesBuildPhase;
			buildActionMask = 2147483647;
			files = (
				8D42BB052223705400C5084D /* flixsterTests.swift in Sources */,
			);
			runOnlyForDeploymentPostprocessing = 0;
		};
		8D42BB072223705400C5084D /* Sources */ = {
			isa = PBXSourcesBuildPhase;
			buildActionMask = 2147483647;
			files = (
				8D42BB102223705400C5084D /* flixsterUITests.swift in Sources */,
			);
			runOnlyForDeploymentPostprocessing = 0;
		};
/* End PBXSourcesBuildPhase section */

/* Begin PBXTargetDependency section */
		8D42BB022223705400C5084D /* PBXTargetDependency */ = {
			isa = PBXTargetDependency;
			target = 8D42BAEB2223705200C5084D /* flixster */;
			targetProxy = 8D42BB012223705400C5084D /* PBXContainerItemProxy */;
		};
		8D42BB0D2223705400C5084D /* PBXTargetDependency */ = {
			isa = PBXTargetDependency;
			target = 8D42BAEB2223705200C5084D /* flixster */;
			targetProxy = 8D42BB0C2223705400C5084D /* PBXContainerItemProxy */;
		};
/* End PBXTargetDependency section */

/* Begin PBXVariantGroup section */
		8D42BAF32223705200C5084D /* Main.storyboard */ = {
			isa = PBXVariantGroup;
			children = (
				8D42BAF42223705200C5084D /* Base */,
			);
			name = Main.storyboard;
			sourceTree = "<group>";
		};
		8D42BAF82223705400C5084D /* LaunchScreen.storyboard */ = {
			isa = PBXVariantGroup;
			children = (
				8D42BAF92223705400C5084D /* Base */,
			);
			name = LaunchScreen.storyboard;
			sourceTree = "<group>";
		};
/* End PBXVariantGroup section */

/* Begin XCBuildConfiguration section */
		8D42BB122223705400C5084D /* Debug */ = {
			isa = XCBuildConfiguration;
			buildSettings = {
				ALWAYS_SEARCH_USER_PATHS = NO;
				CLANG_ANALYZER_NONNULL = YES;
				CLANG_ANALYZER_NUMBER_OBJECT_CONVERSION = YES_AGGRESSIVE;
				CLANG_CXX_LANGUAGE_STANDARD = "gnu++14";
				CLANG_CXX_LIBRARY = "libc++";
				CLANG_ENABLE_MODULES = YES;
				CLANG_ENABLE_OBJC_ARC = YES;
				CLANG_ENABLE_OBJC_WEAK = YES;
				CLANG_WARN_BLOCK_CAPTURE_AUTORELEASING = YES;
				CLANG_WARN_BOOL_CONVERSION = YES;
				CLANG_WARN_COMMA = YES;
				CLANG_WARN_CONSTANT_CONVERSION = YES;
				CLANG_WARN_DEPRECATED_OBJC_IMPLEMENTATIONS = YES;
				CLANG_WARN_DIRECT_OBJC_ISA_USAGE = YES_ERROR;
				CLANG_WARN_DOCUMENTATION_COMMENTS = YES;
				CLANG_WARN_EMPTY_BODY = YES;
				CLANG_WARN_ENUM_CONVERSION = YES;
				CLANG_WARN_INFINITE_RECURSION = YES;
				CLANG_WARN_INT_CONVERSION = YES;
				CLANG_WARN_NON_LITERAL_NULL_CONVERSION = YES;
				CLANG_WARN_OBJC_IMPLICIT_RETAIN_SELF = YES;
				CLANG_WARN_OBJC_LITERAL_CONVERSION = YES;
				CLANG_WARN_OBJC_ROOT_CLASS = YES_ERROR;
				CLANG_WARN_RANGE_LOOP_ANALYSIS = YES;
				CLANG_WARN_STRICT_PROTOTYPES = YES;
				CLANG_WARN_SUSPICIOUS_MOVE = YES;
				CLANG_WARN_UNGUARDED_AVAILABILITY = YES_AGGRESSIVE;
				CLANG_WARN_UNREACHABLE_CODE = YES;
				CLANG_WARN__DUPLICATE_METHOD_MATCH = YES;
				CODE_SIGN_IDENTITY = "iPhone Developer";
				COPY_PHASE_STRIP = NO;
				DEBUG_INFORMATION_FORMAT = dwarf;
				ENABLE_STRICT_OBJC_MSGSEND = YES;
				ENABLE_TESTABILITY = YES;
				GCC_C_LANGUAGE_STANDARD = gnu11;
				GCC_DYNAMIC_NO_PIC = NO;
				GCC_NO_COMMON_BLOCKS = YES;
				GCC_OPTIMIZATION_LEVEL = 0;
				GCC_PREPROCESSOR_DEFINITIONS = (
					"DEBUG=1",
					"$(inherited)",
				);
				GCC_WARN_64_TO_32_BIT_CONVERSION = YES;
				GCC_WARN_ABOUT_RETURN_TYPE = YES_ERROR;
				GCC_WARN_UNDECLARED_SELECTOR = YES;
				GCC_WARN_UNINITIALIZED_AUTOS = YES_AGGRESSIVE;
				GCC_WARN_UNUSED_FUNCTION = YES;
				GCC_WARN_UNUSED_VARIABLE = YES;
				IPHONEOS_DEPLOYMENT_TARGET = 12.1;
				MTL_ENABLE_DEBUG_INFO = INCLUDE_SOURCE;
				MTL_FAST_MATH = YES;
				ONLY_ACTIVE_ARCH = YES;
				SDKROOT = iphoneos;
				SWIFT_ACTIVE_COMPILATION_CONDITIONS = DEBUG;
				SWIFT_OPTIMIZATION_LEVEL = "-Onone";
			};
			name = Debug;
		};
		8D42BB132223705400C5084D /* Release */ = {
			isa = XCBuildConfiguration;
			buildSettings = {
				ALWAYS_SEARCH_USER_PATHS = NO;
				CLANG_ANALYZER_NONNULL = YES;
				CLANG_ANALYZER_NUMBER_OBJECT_CONVERSION = YES_AGGRESSIVE;
				CLANG_CXX_LANGUAGE_STANDARD = "gnu++14";
				CLANG_CXX_LIBRARY = "libc++";
				CLANG_ENABLE_MODULES = YES;
				CLANG_ENABLE_OBJC_ARC = YES;
				CLANG_ENABLE_OBJC_WEAK = YES;
				CLANG_WARN_BLOCK_CAPTURE_AUTORELEASING = YES;
				CLANG_WARN_BOOL_CONVERSION = YES;
				CLANG_WARN_COMMA = YES;
				CLANG_WARN_CONSTANT_CONVERSION = YES;
				CLANG_WARN_DEPRECATED_OBJC_IMPLEMENTATIONS = YES;
				CLANG_WARN_DIRECT_OBJC_ISA_USAGE = YES_ERROR;
				CLANG_WARN_DOCUMENTATION_COMMENTS = YES;
				CLANG_WARN_EMPTY_BODY = YES;
				CLANG_WARN_ENUM_CONVERSION = YES;
				CLANG_WARN_INFINITE_RECURSION = YES;
				CLANG_WARN_INT_CONVERSION = YES;
				CLANG_WARN_NON_LITERAL_NULL_CONVERSION = YES;
				CLANG_WARN_OBJC_IMPLICIT_RETAIN_SELF = YES;
				CLANG_WARN_OBJC_LITERAL_CONVERSION = YES;
				CLANG_WARN_OBJC_ROOT_CLASS = YES_ERROR;
				CLANG_WARN_RANGE_LOOP_ANALYSIS = YES;
				CLANG_WARN_STRICT_PROTOTYPES = YES;
				CLANG_WARN_SUSPICIOUS_MOVE = YES;
				CLANG_WARN_UNGUARDED_AVAILABILITY = YES_AGGRESSIVE;
				CLANG_WARN_UNREACHABLE_CODE = YES;
				CLANG_WARN__DUPLICATE_METHOD_MATCH = YES;
				CODE_SIGN_IDENTITY = "iPhone Developer";
				COPY_PHASE_STRIP = NO;
				DEBUG_INFORMATION_FORMAT = "dwarf-with-dsym";
				ENABLE_NS_ASSERTIONS = NO;
				ENABLE_STRICT_OBJC_MSGSEND = YES;
				GCC_C_LANGUAGE_STANDARD = gnu11;
				GCC_NO_COMMON_BLOCKS = YES;
				GCC_WARN_64_TO_32_BIT_CONVERSION = YES;
				GCC_WARN_ABOUT_RETURN_TYPE = YES_ERROR;
				GCC_WARN_UNDECLARED_SELECTOR = YES;
				GCC_WARN_UNINITIALIZED_AUTOS = YES_AGGRESSIVE;
				GCC_WARN_UNUSED_FUNCTION = YES;
				GCC_WARN_UNUSED_VARIABLE = YES;
				IPHONEOS_DEPLOYMENT_TARGET = 12.1;
				MTL_ENABLE_DEBUG_INFO = NO;
				MTL_FAST_MATH = YES;
				SDKROOT = iphoneos;
				SWIFT_COMPILATION_MODE = wholemodule;
				SWIFT_OPTIMIZATION_LEVEL = "-O";
				VALIDATE_PRODUCT = YES;
			};
			name = Release;
		};
		8D42BB152223705400C5084D /* Debug */ = {
			isa = XCBuildConfiguration;
			baseConfigurationReference = 8A6497DA40E6A8CF0DA82D68 /* Pods-flixster.debug.xcconfig */;
			buildSettings = {
				ASSETCATALOG_COMPILER_APPICON_NAME = AppIcon;
				CODE_SIGN_STYLE = Automatic;
				DEVELOPMENT_TEAM = ZPFK5LZPBN;
				INFOPLIST_FILE = flixster/Info.plist;
				LD_RUNPATH_SEARCH_PATHS = (
					"$(inherited)",
					"@executable_path/Frameworks",
				);
				PRODUCT_BUNDLE_IDENTIFIER = "Joseph-Shimonov.flixster";
				PRODUCT_NAME = "$(TARGET_NAME)";
				SWIFT_VERSION = 4.2;
				TARGETED_DEVICE_FAMILY = "1,2";
			};
			name = Debug;
		};
		8D42BB162223705400C5084D /* Release */ = {
			isa = XCBuildConfiguration;
			baseConfigurationReference = 8AE9F9EC95884A46455775F1 /* Pods-flixster.release.xcconfig */;
			buildSettings = {
				ASSETCATALOG_COMPILER_APPICON_NAME = AppIcon;
				CODE_SIGN_STYLE = Automatic;
				DEVELOPMENT_TEAM = ZPFK5LZPBN;
				INFOPLIST_FILE = flixster/Info.plist;
				LD_RUNPATH_SEARCH_PATHS = (
					"$(inherited)",
					"@executable_path/Frameworks",
				);
				PRODUCT_BUNDLE_IDENTIFIER = "Joseph-Shimonov.flixster";
				PRODUCT_NAME = "$(TARGET_NAME)";
				SWIFT_VERSION = 4.2;
				TARGETED_DEVICE_FAMILY = "1,2";
			};
			name = Release;
		};
		8D42BB182223705400C5084D /* Debug */ = {
			isa = XCBuildConfiguration;
			baseConfigurationReference = E9B2BA0D642D624FF45D0D31 /* Pods-flixsterTests.debug.xcconfig */;
			buildSettings = {
				ALWAYS_EMBED_SWIFT_STANDARD_LIBRARIES = YES;
				BUNDLE_LOADER = "$(TEST_HOST)";
				CODE_SIGN_STYLE = Automatic;
				DEVELOPMENT_TEAM = ZPFK5LZPBN;
				INFOPLIST_FILE = flixsterTests/Info.plist;
				LD_RUNPATH_SEARCH_PATHS = (
					"$(inherited)",
					"@executable_path/Frameworks",
					"@loader_path/Frameworks",
				);
				PRODUCT_BUNDLE_IDENTIFIER = "Joseph-Shimonov.flixsterTests";
				PRODUCT_NAME = "$(TARGET_NAME)";
				SWIFT_VERSION = 4.2;
				TARGETED_DEVICE_FAMILY = "1,2";
				TEST_HOST = "$(BUILT_PRODUCTS_DIR)/flixster.app/flixster";
			};
			name = Debug;
		};
		8D42BB192223705400C5084D /* Release */ = {
			isa = XCBuildConfiguration;
			baseConfigurationReference = 2F41290AB35D5C33FB54F64C /* Pods-flixsterTests.release.xcconfig */;
			buildSettings = {
				ALWAYS_EMBED_SWIFT_STANDARD_LIBRARIES = YES;
				BUNDLE_LOADER = "$(TEST_HOST)";
				CODE_SIGN_STYLE = Automatic;
				DEVELOPMENT_TEAM = ZPFK5LZPBN;
				INFOPLIST_FILE = flixsterTests/Info.plist;
				LD_RUNPATH_SEARCH_PATHS = (
					"$(inherited)",
					"@executable_path/Frameworks",
					"@loader_path/Frameworks",
				);
				PRODUCT_BUNDLE_IDENTIFIER = "Joseph-Shimonov.flixsterTests";
				PRODUCT_NAME = "$(TARGET_NAME)";
				SWIFT_VERSION = 4.2;
				TARGETED_DEVICE_FAMILY = "1,2";
				TEST_HOST = "$(BUILT_PRODUCTS_DIR)/flixster.app/flixster";
			};
			name = Release;
		};
		8D42BB1B2223705400C5084D /* Debug */ = {
			isa = XCBuildConfiguration;
			baseConfigurationReference = C62C1FE38A9F79FF7D4C4A4E /* Pods-flixsterUITests.debug.xcconfig */;
			buildSettings = {
				ALWAYS_EMBED_SWIFT_STANDARD_LIBRARIES = YES;
				CODE_SIGN_STYLE = Automatic;
				DEVELOPMENT_TEAM = ZPFK5LZPBN;
				INFOPLIST_FILE = flixsterUITests/Info.plist;
				LD_RUNPATH_SEARCH_PATHS = (
					"$(inherited)",
					"@executable_path/Frameworks",
					"@loader_path/Frameworks",
				);
				PRODUCT_BUNDLE_IDENTIFIER = "Joseph-Shimonov.flixsterUITests";
				PRODUCT_NAME = "$(TARGET_NAME)";
				SWIFT_VERSION = 4.2;
				TARGETED_DEVICE_FAMILY = "1,2";
				TEST_TARGET_NAME = flixster;
			};
			name = Debug;
		};
		8D42BB1C2223705400C5084D /* Release */ = {
			isa = XCBuildConfiguration;
			baseConfigurationReference = 84938640745E561D21C66D07 /* Pods-flixsterUITests.release.xcconfig */;
			buildSettings = {
				ALWAYS_EMBED_SWIFT_STANDARD_LIBRARIES = YES;
				CODE_SIGN_STYLE = Automatic;
				DEVELOPMENT_TEAM = ZPFK5LZPBN;
				INFOPLIST_FILE = flixsterUITests/Info.plist;
				LD_RUNPATH_SEARCH_PATHS = (
					"$(inherited)",
					"@executable_path/Frameworks",
					"@loader_path/Frameworks",
				);
				PRODUCT_BUNDLE_IDENTIFIER = "Joseph-Shimonov.flixsterUITests";
				PRODUCT_NAME = "$(TARGET_NAME)";
				SWIFT_VERSION = 4.2;
				TARGETED_DEVICE_FAMILY = "1,2";
				TEST_TARGET_NAME = flixster;
			};
			name = Release;
		};
/* End XCBuildConfiguration section */

/* Begin XCConfigurationList section */
		8D42BAE72223705200C5084D /* Build configuration list for PBXProject "flixster" */ = {
			isa = XCConfigurationList;
			buildConfigurations = (
				8D42BB122223705400C5084D /* Debug */,
				8D42BB132223705400C5084D /* Release */,
			);
			defaultConfigurationIsVisible = 0;
			defaultConfigurationName = Release;
		};
		8D42BB142223705400C5084D /* Build configuration list for PBXNativeTarget "flixster" */ = {
			isa = XCConfigurationList;
			buildConfigurations = (
				8D42BB152223705400C5084D /* Debug */,
				8D42BB162223705400C5084D /* Release */,
			);
			defaultConfigurationIsVisible = 0;
			defaultConfigurationName = Release;
		};
		8D42BB172223705400C5084D /* Build configuration list for PBXNativeTarget "flixsterTests" */ = {
			isa = XCConfigurationList;
			buildConfigurations = (
				8D42BB182223705400C5084D /* Debug */,
				8D42BB192223705400C5084D /* Release */,
			);
			defaultConfigurationIsVisible = 0;
			defaultConfigurationName = Release;
		};
		8D42BB1A2223705400C5084D /* Build configuration list for PBXNativeTarget "flixsterUITests" */ = {
			isa = XCConfigurationList;
			buildConfigurations = (
				8D42BB1B2223705400C5084D /* Debug */,
				8D42BB1C2223705400C5084D /* Release */,
			);
			defaultConfigurationIsVisible = 0;
			defaultConfigurationName = Release;
		};
/* End XCConfigurationList section */
	};
	rootObject = 8D42BAE42223705200C5084D /* Project object */;
}
